{
  "name": "ts-serverless",
  "version": "1.0.1",
  "lockfileVersion": 2,
  "requires": true,
  "packages": {
    "": {
      "name": "ts-serverless",
      "version": "1.0.1",
      "license": "ISC",
      "dependencies": {
        "ts-responses": "^1.0.11"
      },
      "devDependencies": {
        "typescript": "^5.4.5"
      }
    },
    "node_modules/ts-responses": {
      "version": "1.0.11",
      "resolved": "https://registry.npmjs.org/ts-responses/-/ts-responses-1.0.11.tgz",
      "integrity": "sha512-Vjt0laqZlYqfsZmHRlgM++qGkrXBurXplqxMYFZgea20q4QXeWCXXIr+W3JiEB4XFfBMTZa0XpfKBls4N0JnMg=="
    },
    "node_modules/typescript": {
      "version": "5.4.5",
      "resolved": "https://registry.npmjs.org/typescript/-/typescript-5.4.5.tgz",
      "integrity": "sha512-vcI4UpRgg81oIRUFwR0WSIHKt11nJ7SAVlYNIu+QpqeyXP+gpQJy/Z4+F0aGxSE4MqwjyXvW/TzgkLAx2AGHwQ==",
      "dev": true,
      "bin": {
        "tsc": "bin/tsc",
        "tsserver": "bin/tsserver"
      },
      "engines": {
        "node": ">=14.17"
      }
    }
  },
  "dependencies": {
    "ts-responses": {
      "version": "1.0.11",
      "resolved": "https://registry.npmjs.org/ts-responses/-/ts-responses-1.0.11.tgz",
      "integrity": "sha512-Vjt0laqZlYqfsZmHRlgM++qGkrXBurXplqxMYFZgea20q4QXeWCXXIr+W3JiEB4XFfBMTZa0XpfKBls4N0JnMg=="
    },
    "typescript": {
      "version": "5.4.5",
      "resolved": "https://registry.npmjs.org/typescript/-/typescript-5.4.5.tgz",
      "integrity": "sha512-vcI4UpRgg81oIRUFwR0WSIHKt11nJ7SAVlYNIu+QpqeyXP+gpQJy/Z4+F0aGxSE4MqwjyXvW/TzgkLAx2AGHwQ==",
      "dev": true
    }
  }
}
